
Microsoft Visual Studio Solution File, Format Version 12.00
# Visual Studio 15
VisualStudioVersion = 15.0.28010.2036
MinimumVisualStudioVersion = 10.0.40219.1
Project("{FAE04EC0-301F-11D3-BF4B-00C04F79EFBC}") = "ClubSystem.Api", "ClubSystem.Api\ClubSystem.Api.csproj", "{8D54F78A-B05C-46EC-82E3-7136D768B378}"
EndProject
Global
	GlobalSection(SolutionConfigurationPlatforms) = preSolution
		Debug|Any CPU = Debug|Any CPU
		Release|Any CPU = Release|Any CPU
	EndGlobalSection
	GlobalSection(ProjectConfigurationPlatforms) = postSolution
		{8D54F78A-B05C-46EC-82E3-7136D768B378}.Debug|Any CPU.ActiveCfg = Debug|Any CPU
		{8D54F78A-B05C-46EC-82E3-7136D768B378}.Debug|Any CPU.Build.0 = Debug|Any CPU
		{8D54F78A-B05C-46EC-82E3-7136D768B378}.Release|Any CPU.ActiveCfg = Release|Any CPU
		{8D54F78A-B05C-46EC-82E3-7136D768B378}.Release|Any CPU.Build.0 = Release|Any CPU
	EndGlobalSection
	GlobalSection(SolutionProperties) = preSolution
		HideSolutionNode = FALSE
	EndGlobalSection
	GlobalSection(ExtensibilityGlobals) = postSolution
		SolutionGuid = {0BC5D4D9-CBA4-4571-B023-99DA2FA1FC0A}
	EndGlobalSection
EndGlobal
